
Microsoft Visual Studio Solution File, Format Version 12.00
# Visual Studio 15
VisualStudioVersion = 15.0.27004.2002
MinimumVisualStudioVersion = 10.0.40219.1
Project("{9A19103F-16F7-4668-BE54-9A1E7A4F7556}") = "BuisnessWeb", "BuisnessWeb\BuisnessWeb.csproj", "{387D4D3D-A854-42FF-919D-26A282C57500}"
EndProject
Global
	GlobalSection(SolutionConfigurationPlatforms) = preSolution
		Debug|Any CPU = Debug|Any CPU
		Release|Any CPU = Release|Any CPU
	EndGlobalSection
	GlobalSection(ProjectConfigurationPlatforms) = postSolution
		{387D4D3D-A854-42FF-919D-26A282C57500}.Debug|Any CPU.ActiveCfg = Debug|Any CPU
		{387D4D3D-A854-42FF-919D-26A282C57500}.Debug|Any CPU.Build.0 = Debug|Any CPU
		{387D4D3D-A854-42FF-919D-26A282C57500}.Release|Any CPU.ActiveCfg = Release|Any CPU
		{387D4D3D-A854-42FF-919D-26A282C57500}.Release|Any CPU.Build.0 = Release|Any CPU
	EndGlobalSection
	GlobalSection(SolutionProperties) = preSolution
		HideSolutionNode = FALSE
	EndGlobalSection
	GlobalSection(ExtensibilityGlobals) = postSolution
		SolutionGuid = {1BDFAF5B-FAC5-4691-83A7-F48F3243B6A0}
	EndGlobalSection
EndGlobal
